
Microsoft Visual Studio Solution File, Format Version 12.00
# Visual Studio Version 17
VisualStudioVersion = 17.0.31903.59
MinimumVisualStudioVersion = 10.0.40219.1
Project("{FAE04EC0-301F-11D3-BF4B-00C04F79EFBC}") = "DFC.Common.SharedContent.Pkg.Netcore", "DFC.Common.SharedContent.Pkg.Netcore\DFC.Common.SharedContent.Pkg.Netcore.csproj", "{B024CC8F-ECD4-48A7-9955-08265AEE4F1B}"
EndProject
Project("{FAE04EC0-301F-11D3-BF4B-00C04F79EFBC}") = "DFC.Common.SharedContent.Pkg.Netcore.UnitTests", "DFC.Common.SharedContent.Pkg.Netcore.UnitTests\DFC.Common.SharedContent.Pkg.Netcore.UnitTests.csproj", "{FACA544C-28CA-4E7B-9542-DA3F45338433}"
EndProject
Global
	GlobalSection(SolutionConfigurationPlatforms) = preSolution
		Debug|Any CPU = Debug|Any CPU
		Release|Any CPU = Release|Any CPU
	EndGlobalSection
	GlobalSection(SolutionProperties) = preSolution
		HideSolutionNode = FALSE
	EndGlobalSection
	GlobalSection(ProjectConfigurationPlatforms) = postSolution
		{B024CC8F-ECD4-48A7-9955-08265AEE4F1B}.Debug|Any CPU.ActiveCfg = Debug|Any CPU
		{B024CC8F-ECD4-48A7-9955-08265AEE4F1B}.Debug|Any CPU.Build.0 = Debug|Any CPU
		{B024CC8F-ECD4-48A7-9955-08265AEE4F1B}.Release|Any CPU.ActiveCfg = Release|Any CPU
		{B024CC8F-ECD4-48A7-9955-08265AEE4F1B}.Release|Any CPU.Build.0 = Release|Any CPU
		{FACA544C-28CA-4E7B-9542-DA3F45338433}.Debug|Any CPU.ActiveCfg = Debug|Any CPU
		{FACA544C-28CA-4E7B-9542-DA3F45338433}.Debug|Any CPU.Build.0 = Debug|Any CPU
		{FACA544C-28CA-4E7B-9542-DA3F45338433}.Release|Any CPU.ActiveCfg = Release|Any CPU
		{FACA544C-28CA-4E7B-9542-DA3F45338433}.Release|Any CPU.Build.0 = Release|Any CPU
	EndGlobalSection
EndGlobal
